Microsoft Visual Studio Solution File, Format Version 12.00
# Visual Studio Version 17
VisualStudioVersion = 17.7.34003.232
MinimumVisualStudioVersion = 10.0.40219.1
Project("{9A19103F-16F7-4668-BE54-9A1E7A4F7556}") = "PersistentEmpiresServer", "PersistentEmpiresServer\PersistentEmpiresServer.csproj", "{DBFB57FA-4BEB-4146-93CB-80DD97B56526}"
EndProject
Project("{9A19103F-16F7-4668-BE54-9A1E7A4F7556}") = "PersistentEmpiresHarmony", "PersistentEmpiresHarmony\PersistentEmpiresHarmony.csproj", "{8E4BF945-3A17-4A70-80AC-1ECE4C5B5B29}"
EndProject
Project("{9A19103F-16F7-4668-BE54-9A1E7A4F7556}") = "PersistentEmpiresSave", "PersistentEmpiresSave\PersistentEmpiresSave.csproj", "{E7533096-D455-44A4-89EA-1D50BB3A82A0}"
EndProject
Project("{9A19103F-16F7-4668-BE54-9A1E7A4F7556}") = "PersistentEmpiresAPI", "PersistentEmpiresAPI\PersistentEmpiresAPI.csproj", "{48B5DA4C-99A9-4A74-943C-31CE73601D31}"
EndProject
Project("{9A19103F-16F7-4668-BE54-9A1E7A4F7556}") = "PersistentEmpiresLib", "..\PersistentEmpiresLib\PersistentEmpiresLib\PersistentEmpiresLib.csproj", "{EFF0BC43-D180-45A5-AEEB-94A21D052377}"
EndProject
Global
	GlobalSection(SolutionConfigurationPlatforms) = preSolution
		Debug|Any CPU = Debug|Any CPU
		Release|Any CPU = Release|Any CPU
	EndGlobalSection
	GlobalSection(ProjectConfigurationPlatforms) = postSolution
		{DBFB57FA-4BEB-4146-93CB-80DD97B56526}.Debug|Any CPU.ActiveCfg = Debug|Any CPU
		{DBFB57FA-4BEB-4146-93CB-80DD97B56526}.Debug|Any CPU.Build.0 = Debug|Any CPU
		{DBFB57FA-4BEB-4146-93CB-80DD97B56526}.Release|Any CPU.ActiveCfg = Release|Any CPU
		{DBFB57FA-4BEB-4146-93CB-80DD97B56526}.Release|Any CPU.Build.0 = Release|Any CPU
		{8E4BF945-3A17-4A70-80AC-1ECE4C5B5B29}.Debug|Any CPU.ActiveCfg = Debug|Any CPU
		{8E4BF945-3A17-4A70-80AC-1ECE4C5B5B29}.Debug|Any CPU.Build.0 = Debug|Any CPU
		{8E4BF945-3A17-4A70-80AC-1ECE4C5B5B29}.Release|Any CPU.ActiveCfg = Release|Any CPU
		{8E4BF945-3A17-4A70-80AC-1ECE4C5B5B29}.Release|Any CPU.Build.0 = Release|Any CPU
		{E7533096-D455-44A4-89EA-1D50BB3A82A0}.Debug|Any CPU.ActiveCfg = Debug|Any CPU
		{E7533096-D455-44A4-89EA-1D50BB3A82A0}.Debug|Any CPU.Build.0 = Debug|Any CPU
		{E7533096-D455-44A4-89EA-1D50BB3A82A0}.Release|Any CPU.ActiveCfg = Release|Any CPU
		{E7533096-D455-44A4-89EA-1D50BB3A82A0}.Release|Any CPU.Build.0 = Release|Any CPU
		{48B5DA4C-99A9-4A74-943C-31CE73601D31}.Debug|Any CPU.ActiveCfg = Debug|Any CPU
		{48B5DA4C-99A9-4A74-943C-31CE73601D31}.Debug|Any CPU.Build.0 = Debug|Any CPU
		{48B5DA4C-99A9-4A74-943C-31CE73601D31}.Release|Any CPU.ActiveCfg = Release|Any CPU
		{48B5DA4C-99A9-4A74-943C-31CE73601D31}.Release|Any CPU.Build.0 = Release|Any CPU
		{EFF0BC43-D180-45A5-AEEB-94A21D052377}.Debug|Any CPU.ActiveCfg = RunAsServerDebug|Any CPU
		{EFF0BC43-D180-45A5-AEEB-94A21D052377}.Debug|Any CPU.Build.0 = RunAsServerDebug|Any CPU
		{EFF0BC43-D180-45A5-AEEB-94A21D052377}.Release|Any CPU.ActiveCfg = ReleaseServer|Any CPU
		{EFF0BC43-D180-45A5-AEEB-94A21D052377}.Release|Any CPU.Build.0 = ReleaseServer|Any CPU
	EndGlobalSection
	GlobalSection(SolutionProperties) = preSolution
		HideSolutionNode = FALSE
	EndGlobalSection
	GlobalSection(ExtensibilityGlobals) = postSolution
		SolutionGuid = {609DE243-959E-4F61-92C1-5D42597F9C57}
	EndGlobalSection
EndGlobal
